
Microsoft Visual Studio Solution File, Format Version 12.00
# Visual Studio Version 16
VisualStudioVersion = 16.0.30413.136
MinimumVisualStudioVersion = 10.0.40219.1
Project("{FAE04EC0-301F-11D3-BF4B-00C04F79EFBC}") = "textKorsun", "textKorsun.csproj", "{73595C21-E25B-4EBD-90B5-4397E1495CBE}"
EndProject
Global
	GlobalSection(SolutionConfigurationPlatforms) = preSolution
		Debug|Any CPU = Debug|Any CPU
		Release|Any CPU = Release|Any CPU
	EndGlobalSection
	GlobalSection(ProjectConfigurationPlatforms) = postSolution
		{73595C21-E25B-4EBD-90B5-4397E1495CBE}.Debug|Any CPU.ActiveCfg = Debug|Any CPU
		{73595C21-E25B-4EBD-90B5-4397E1495CBE}.Debug|Any CPU.Build.0 = Debug|Any CPU
		{73595C21-E25B-4EBD-90B5-4397E1495CBE}.Release|Any CPU.ActiveCfg = Release|Any CPU
		{73595C21-E25B-4EBD-90B5-4397E1495CBE}.Release|Any CPU.Build.0 = Release|Any CPU
	EndGlobalSection
	GlobalSection(SolutionProperties) = preSolution
		HideSolutionNode = FALSE
	EndGlobalSection
	GlobalSection(ExtensibilityGlobals) = postSolution
		SolutionGuid = {CDD808E9-FB45-4348-9457-04A829F37CE5}
	EndGlobalSection
EndGlobal
